// !$*UTF8*$!
{
	archiveVersion = 1;
	classes = {
	};
	objectVersion = 55;
	objects = {

/* Begin PBXBuildFile section */
		9C21CF952822B94C00DBA707 /* FavouritesController.swift in Sources */ = {isa = PBXBuildFile; fileRef = 9C21CF942822B94C00DBA707 /* FavouritesController.swift */; };
		9C21CF972822D57900DBA707 /* Groups.swift in Sources */ = {isa = PBXBuildFile; fileRef = 9C21CF962822D57900DBA707 /* Groups.swift */; };
		9C21CF9D282403E900DBA707 /* Constants.swift in Sources */ = {isa = PBXBuildFile; fileRef = 9C21CF9C282403E900DBA707 /* Constants.swift */; };
		9C21CF9F282406AB00DBA707 /* DataLoader.swift in Sources */ = {isa = PBXBuildFile; fileRef = 9C21CF9E282406AB00DBA707 /* DataLoader.swift */; };
		9C2EF86F281C4BBC00F9E379 /* AppRouter.swift in Sources */ = {isa = PBXBuildFile; fileRef = 9C2EF86E281C4BBC00F9E379 /* AppRouter.swift */; };
		9C2EF874281C5D7400F9E379 /* MovieTabBarController.swift in Sources */ = {isa = PBXBuildFile; fileRef = 9C2EF873281C5D7400F9E379 /* MovieTabBarController.swift */; };
		9C2EF876281D17E100F9E379 /* NetworkService.swift in Sources */ = {isa = PBXBuildFile; fileRef = 9C2EF875281D17E100F9E379 /* NetworkService.swift */; };
		9C2EF878281D183700F9E379 /* RequestError.swift in Sources */ = {isa = PBXBuildFile; fileRef = 9C2EF877281D183700F9E379 /* RequestError.swift */; };
		9C2EF87F281D314C00F9E379 /* Codables.swift in Sources */ = {isa = PBXBuildFile; fileRef = 9C2EF87E281D314C00F9E379 /* Codables.swift */; };
		9C2EF881281D33FB00F9E379 /* MovieCategories.swift in Sources */ = {isa = PBXBuildFile; fileRef = 9C2EF880281D33FB00F9E379 /* MovieCategories.swift */; };
		9C2EF883281D45E800F9E379 /* Result.swift in Sources */ = {isa = PBXBuildFile; fileRef = 9C2EF882281D45E800F9E379 /* Result.swift */; };
		9C335BAC280561F6003B1E42 /* MovieAppData in Frameworks */ = {isa = PBXBuildFile; productRef = 9C335BAB280561F6003B1E42 /* MovieAppData */; };
		9C335BAE280568B5003B1E42 /* TopicCollectionViewCell.swift in Sources */ = {isa = PBXBuildFile; fileRef = 9C335BAD280568B5003B1E42 /* TopicCollectionViewCell.swift */; };
		9C335BB02805B294003B1E42 /* MovieCell.swift in Sources */ = {isa = PBXBuildFile; fileRef = 9C335BAF2805B294003B1E42 /* MovieCell.swift */; };
		9C335BB22805C9E9003B1E42 /* ButtonCell.swift in Sources */ = {isa = PBXBuildFile; fileRef = 9C335BB12805C9E9003B1E42 /* ButtonCell.swift */; };
		9C335BB628070D1D003B1E42 /* MovieListSearchingCell.swift in Sources */ = {isa = PBXBuildFile; fileRef = 9C335BB528070D1D003B1E42 /* MovieListSearchingCell.swift */; };
		9C3A025F27FD950100BDFD10 /* MovieListViewController.swift in Sources */ = {isa = PBXBuildFile; fileRef = 9C3A025E27FD950100BDFD10 /* MovieListViewController.swift */; };
		9C3A026127FD963300BDFD10 /* SearchBarView.swift in Sources */ = {isa = PBXBuildFile; fileRef = 9C3A026027FD963300BDFD10 /* SearchBarView.swift */; };
		9C3A026527FE043400BDFD10 /* MovieListAllViewController.swift in Sources */ = {isa = PBXBuildFile; fileRef = 9C3A026427FE043400BDFD10 /* MovieListAllViewController.swift */; };
		9C3A026727FE08F800BDFD10 /* MovieListSearchingViewController.swift in Sources */ = {isa = PBXBuildFile; fileRef = 9C3A026627FE08F800BDFD10 /* MovieListSearchingViewController.swift */; };
		9C774E1027E6850700F13677 /* AppDelegate.swift in Sources */ = {isa = PBXBuildFile; fileRef = 9C774E0F27E6850700F13677 /* AppDelegate.swift */; };
		9C774E1927E6850800F13677 /* Assets.xcassets in Resources */ = {isa = PBXBuildFile; fileRef = 9C774E1827E6850800F13677 /* Assets.xcassets */; };
		9C774E1C27E6850800F13677 /* LaunchScreen.storyboard in Resources */ = {isa = PBXBuildFile; fileRef = 9C774E1A27E6850800F13677 /* LaunchScreen.storyboard */; };
		9C774E2827E6963A00F13677 /* MovieDetailsViewController.swift in Sources */ = {isa = PBXBuildFile; fileRef = 9C774E2727E6963A00F13677 /* MovieDetailsViewController.swift */; };
		9C840F5D27EF9EE8007452F3 /* SnapKit in Frameworks */ = {isa = PBXBuildFile; productRef = 9C840F5C27EF9EE8007452F3 /* SnapKit */; };
		9C840F5F27EFBD5A007452F3 /* PersonView.swift in Sources */ = {isa = PBXBuildFile; fileRef = 9C840F5E27EFBD5A007452F3 /* PersonView.swift */; };
		9C840F6227EFC0D4007452F3 /* testController.swift in Sources */ = {isa = PBXBuildFile; fileRef = 9C840F6127EFC0D4007452F3 /* testController.swift */; };
		9C840F6627EFCE2A007452F3 /* OverviewView.swift in Sources */ = {isa = PBXBuildFile; fileRef = 9C840F6527EFCE2A007452F3 /* OverviewView.swift */; };
		9C840F6827EFD3F5007452F3 /* MainInfoView.swift in Sources */ = {isa = PBXBuildFile; fileRef = 9C840F6727EFD3F5007452F3 /* MainInfoView.swift */; };
		9C9C0911282D786500C30843 /* MoviesRepository.swift in Sources */ = {isa = PBXBuildFile; fileRef = 9C9C0910282D786500C30843 /* MoviesRepository.swift */; };
		9C9C0913282D787F00C30843 /* MoviesDatabaseDataSource.swift in Sources */ = {isa = PBXBuildFile; fileRef = 9C9C0912282D787F00C30843 /* MoviesDatabaseDataSource.swift */; };
		9C9C0915282D789200C30843 /* MoviesNetworkDataSource.swift in Sources */ = {isa = PBXBuildFile; fileRef = 9C9C0914282D789200C30843 /* MoviesNetworkDataSource.swift */; };
		9C9C091B282D8CD100C30843 /* iOSVjestina.xcdatamodeld in Sources */ = {isa = PBXBuildFile; fileRef = 9C9C0919282D8CD100C30843 /* iOSVjestina.xcdatamodeld */; };
		9C9C0920282D971600C30843 /* Movie+CoreDataClass.swift in Sources */ = {isa = PBXBuildFile; fileRef = 9C9C091E282D971600C30843 /* Movie+CoreDataClass.swift */; };
		9C9C0921282D971600C30843 /* Movie+CoreDataProperties.swift in Sources */ = {isa = PBXBuildFile; fileRef = 9C9C091F282D971600C30843 /* Movie+CoreDataProperties.swift */; };
		9C9C0923282FD43B00C30843 /* CoreDataStack.swift in Sources */ = {isa = PBXBuildFile; fileRef = 9C9C0922282FD43B00C30843 /* CoreDataStack.swift */; };
		9C9C0928282FE60400C30843 /* MovieGroup+CoreDataClass.swift in Sources */ = {isa = PBXBuildFile; fileRef = 9C9C0924282FE60400C30843 /* MovieGroup+CoreDataClass.swift */; };
		9C9C0929282FE60400C30843 /* MovieGroup+CoreDataProperties.swift in Sources */ = {isa = PBXBuildFile; fileRef = 9C9C0925282FE60400C30843 /* MovieGroup+CoreDataProperties.swift */; };
		9C9C092A282FE60400C30843 /* MovieGenre+CoreDataClass.swift in Sources */ = {isa = PBXBuildFile; fileRef = 9C9C0926282FE60400C30843 /* MovieGenre+CoreDataClass.swift */; };
		9C9C092B282FE60400C30843 /* MovieGenre+CoreDataProperties.swift in Sources */ = {isa = PBXBuildFile; fileRef = 9C9C0927282FE60400C30843 /* MovieGenre+CoreDataProperties.swift */; };
		9CDAAF742825D3CD004FA51B /* LoadedImages.swift in Sources */ = {isa = PBXBuildFile; fileRef = 9CDAAF732825D3CD004FA51B /* LoadedImages.swift */; };
/* End PBXBuildFile section */

/* Begin PBXFileReference section */
		9C21CF942822B94C00DBA707 /* FavouritesController.swift */ = {isa = PBXFileReference; lastKnownFileType = sourcecode.swift; path = FavouritesController.swift; sourceTree = "<group>"; };
		9C21CF962822D57900DBA707 /* Groups.swift */ = {isa = PBXFileReference; lastKnownFileType = sourcecode.swift; path = Groups.swift; sourceTree = "<group>"; };
		9C21CF9C282403E900DBA707 /* Constants.swift */ = {isa = PBXFileReference; lastKnownFileType = sourcecode.swift; path = Constants.swift; sourceTree = "<group>"; };
		9C21CF9E282406AB00DBA707 /* DataLoader.swift */ = {isa = PBXFileReference; lastKnownFileType = sourcecode.swift; path = DataLoader.swift; sourceTree = "<group>"; };
		9C2EF86E281C4BBC00F9E379 /* AppRouter.swift */ = {isa = PBXFileReference; lastKnownFileType = sourcecode.swift; path = AppRouter.swift; sourceTree = "<group>"; };
		9C2EF873281C5D7400F9E379 /* MovieTabBarController.swift */ = {isa = PBXFileReference; lastKnownFileType = sourcecode.swift; path = MovieTabBarController.swift; sourceTree = "<group>"; };
		9C2EF875281D17E100F9E379 /* NetworkService.swift */ = {isa = PBXFileReference; lastKnownFileType = sourcecode.swift; path = NetworkService.swift; sourceTree = "<group>"; };
		9C2EF877281D183700F9E379 /* RequestError.swift */ = {isa = PBXFileReference; lastKnownFileType = sourcecode.swift; path = RequestError.swift; sourceTree = "<group>"; };
		9C2EF87E281D314C00F9E379 /* Codables.swift */ = {isa = PBXFileReference; lastKnownFileType = sourcecode.swift; path = Codables.swift; sourceTree = "<group>"; };
		9C2EF880281D33FB00F9E379 /* MovieCategories.swift */ = {isa = PBXFileReference; lastKnownFileType = sourcecode.swift; path = MovieCategories.swift; sourceTree = "<group>"; };
		9C2EF882281D45E800F9E379 /* Result.swift */ = {isa = PBXFileReference; lastKnownFileType = sourcecode.swift; path = Result.swift; sourceTree = "<group>"; };
		9C335BAD280568B5003B1E42 /* TopicCollectionViewCell.swift */ = {isa = PBXFileReference; lastKnownFileType = sourcecode.swift; path = TopicCollectionViewCell.swift; sourceTree = "<group>"; };
		9C335BAF2805B294003B1E42 /* MovieCell.swift */ = {isa = PBXFileReference; lastKnownFileType = sourcecode.swift; path = MovieCell.swift; sourceTree = "<group>"; };
		9C335BB12805C9E9003B1E42 /* ButtonCell.swift */ = {isa = PBXFileReference; lastKnownFileType = sourcecode.swift; path = ButtonCell.swift; sourceTree = "<group>"; };
		9C335BB528070D1D003B1E42 /* MovieListSearchingCell.swift */ = {isa = PBXFileReference; lastKnownFileType = sourcecode.swift; path = MovieListSearchingCell.swift; sourceTree = "<group>"; };
		9C3A025E27FD950100BDFD10 /* MovieListViewController.swift */ = {isa = PBXFileReference; lastKnownFileType = sourcecode.swift; path = MovieListViewController.swift; sourceTree = "<group>"; };
		9C3A026027FD963300BDFD10 /* SearchBarView.swift */ = {isa = PBXFileReference; lastKnownFileType = sourcecode.swift; path = SearchBarView.swift; sourceTree = "<group>"; };
		9C3A026427FE043400BDFD10 /* MovieListAllViewController.swift */ = {isa = PBXFileReference; lastKnownFileType = sourcecode.swift; path = MovieListAllViewController.swift; sourceTree = "<group>"; };
		9C3A026627FE08F800BDFD10 /* MovieListSearchingViewController.swift */ = {isa = PBXFileReference; lastKnownFileType = sourcecode.swift; path = MovieListSearchingViewController.swift; sourceTree = "<group>"; };
		9C774E0C27E6850700F13677 /* MovieApp.app */ = {isa = PBXFileReference; explicitFileType = wrapper.application; includeInIndex = 0; path = MovieApp.app; sourceTree = BUILT_PRODUCTS_DIR; };
		9C774E0F27E6850700F13677 /* AppDelegate.swift */ = {isa = PBXFileReference; lastKnownFileType = sourcecode.swift; path = AppDelegate.swift; sourceTree = "<group>"; };
		9C774E1827E6850800F13677 /* Assets.xcassets */ = {isa = PBXFileReference; lastKnownFileType = folder.assetcatalog; path = Assets.xcassets; sourceTree = "<group>"; };
		9C774E1B27E6850800F13677 /* Base */ = {isa = PBXFileReference; lastKnownFileType = file.storyboard; name = Base; path = Base.lproj/LaunchScreen.storyboard; sourceTree = "<group>"; };
		9C774E1D27E6850800F13677 /* Info.plist */ = {isa = PBXFileReference; lastKnownFileType = text.plist.xml; path = Info.plist; sourceTree = "<group>"; };
		9C774E2727E6963A00F13677 /* MovieDetailsViewController.swift */ = {isa = PBXFileReference; lastKnownFileType = sourcecode.swift; path = MovieDetailsViewController.swift; sourceTree = "<group>"; };
		9C840F5E27EFBD5A007452F3 /* PersonView.swift */ = {isa = PBXFileReference; lastKnownFileType = sourcecode.swift; path = PersonView.swift; sourceTree = "<group>"; };
		9C840F6127EFC0D4007452F3 /* testController.swift */ = {isa = PBXFileReference; lastKnownFileType = sourcecode.swift; path = testController.swift; sourceTree = "<group>"; };
		9C840F6527EFCE2A007452F3 /* OverviewView.swift */ = {isa = PBXFileReference; lastKnownFileType = sourcecode.swift; path = OverviewView.swift; sourceTree = "<group>"; };
		9C840F6727EFD3F5007452F3 /* MainInfoView.swift */ = {isa = PBXFileReference; lastKnownFileType = sourcecode.swift; path = MainInfoView.swift; sourceTree = "<group>"; };
		9C9C0910282D786500C30843 /* MoviesRepository.swift */ = {isa = PBXFileReference; lastKnownFileType = sourcecode.swift; path = MoviesRepository.swift; sourceTree = "<group>"; };
		9C9C0912282D787F00C30843 /* MoviesDatabaseDataSource.swift */ = {isa = PBXFileReference; lastKnownFileType = sourcecode.swift; path = MoviesDatabaseDataSource.swift; sourceTree = "<group>"; };
		9C9C0914282D789200C30843 /* MoviesNetworkDataSource.swift */ = {isa = PBXFileReference; lastKnownFileType = sourcecode.swift; path = MoviesNetworkDataSource.swift; sourceTree = "<group>"; };
		9C9C091A282D8CD100C30843 /* iOSVjestina.xcdatamodel */ = {isa = PBXFileReference; lastKnownFileType = wrapper.xcdatamodel; path = iOSVjestina.xcdatamodel; sourceTree = "<group>"; };
		9C9C091E282D971600C30843 /* Movie+CoreDataClass.swift */ = {isa = PBXFileReference; lastKnownFileType = sourcecode.swift; path = "Movie+CoreDataClass.swift"; sourceTree = "<group>"; };
		9C9C091F282D971600C30843 /* Movie+CoreDataProperties.swift */ = {isa = PBXFileReference; lastKnownFileType = sourcecode.swift; path = "Movie+CoreDataProperties.swift"; sourceTree = "<group>"; };
		9C9C0922282FD43B00C30843 /* CoreDataStack.swift */ = {isa = PBXFileReference; lastKnownFileType = sourcecode.swift; path = CoreDataStack.swift; sourceTree = "<group>"; };
		9C9C0924282FE60400C30843 /* MovieGroup+CoreDataClass.swift */ = {isa = PBXFileReference; lastKnownFileType = sourcecode.swift; path = "MovieGroup+CoreDataClass.swift"; sourceTree = "<group>"; };
		9C9C0925282FE60400C30843 /* MovieGroup+CoreDataProperties.swift */ = {isa = PBXFileReference; lastKnownFileType = sourcecode.swift; path = "MovieGroup+CoreDataProperties.swift"; sourceTree = "<group>"; };
		9C9C0926282FE60400C30843 /* MovieGenre+CoreDataClass.swift */ = {isa = PBXFileReference; lastKnownFileType = sourcecode.swift; path = "MovieGenre+CoreDataClass.swift"; sourceTree = "<group>"; };
		9C9C0927282FE60400C30843 /* MovieGenre+CoreDataProperties.swift */ = {isa = PBXFileReference; lastKnownFileType = sourcecode.swift; path = "MovieGenre+CoreDataProperties.swift"; sourceTree = "<group>"; };
		9CDAAF732825D3CD004FA51B /* LoadedImages.swift */ = {isa = PBXFileReference; lastKnownFileType = sourcecode.swift; path = LoadedImages.swift; sourceTree = "<group>"; };
/* End PBXFileReference section */

/* Begin PBXFrameworksBuildPhase section */
		9C774E0927E6850700F13677 /* Frameworks */ = {
			isa = PBXFrameworksBuildPhase;
			buildActionMask = 2147483647;
			files = (
				9C840F5D27EF9EE8007452F3 /* SnapKit in Frameworks */,
				9C335BAC280561F6003B1E42 /* MovieAppData in Frameworks */,
			);
			runOnlyForDeploymentPostprocessing = 0;
		};
/* End PBXFrameworksBuildPhase section */

/* Begin PBXGroup section */
		9C21CF932822B93A00DBA707 /* Favourites */ = {
			isa = PBXGroup;
			children = (
				9C21CF942822B94C00DBA707 /* FavouritesController.swift */,
			);
			path = Favourites;
			sourceTree = "<group>";
		};
		9C2EF872281C5D1F00F9E379 /* MovieTabBar */ = {
			isa = PBXGroup;
			children = (
				9C2EF873281C5D7400F9E379 /* MovieTabBarController.swift */,
			);
			path = MovieTabBar;
			sourceTree = "<group>";
		};
		9C2EF879281D1B1400F9E379 /* NetworkService */ = {
			isa = PBXGroup;
			children = (
				9C2EF875281D17E100F9E379 /* NetworkService.swift */,
				9C2EF877281D183700F9E379 /* RequestError.swift */,
				9C2EF87E281D314C00F9E379 /* Codables.swift */,
				9C2EF882281D45E800F9E379 /* Result.swift */,
				9C21CF962822D57900DBA707 /* Groups.swift */,
				9C21CF9C282403E900DBA707 /* Constants.swift */,
				9C21CF9E282406AB00DBA707 /* DataLoader.swift */,
				9CDAAF732825D3CD004FA51B /* LoadedImages.swift */,
			);
			path = NetworkService;
			sourceTree = "<group>";
		};
		9C335BB3280709CC003B1E42 /* MovieListAll */ = {
			isa = PBXGroup;
			children = (
				9C335BB12805C9E9003B1E42 /* ButtonCell.swift */,
				9C335BAF2805B294003B1E42 /* MovieCell.swift */,
				9C335BAD280568B5003B1E42 /* TopicCollectionViewCell.swift */,
				9C3A026427FE043400BDFD10 /* MovieListAllViewController.swift */,
			);
			path = MovieListAll;
			sourceTree = "<group>";
		};
		9C335BB4280709F4003B1E42 /* MovieListSearching */ = {
			isa = PBXGroup;
			children = (
				9C3A026627FE08F800BDFD10 /* MovieListSearchingViewController.swift */,
				9C335BB528070D1D003B1E42 /* MovieListSearchingCell.swift */,
			);
			path = MovieListSearching;
			sourceTree = "<group>";
		};
		9C3A026227FE033000BDFD10 /* MovieDetails */ = {
			isa = PBXGroup;
			children = (
				9C840F5E27EFBD5A007452F3 /* PersonView.swift */,
				9C840F6727EFD3F5007452F3 /* MainInfoView.swift */,
				9C840F6527EFCE2A007452F3 /* OverviewView.swift */,
				9C774E2727E6963A00F13677 /* MovieDetailsViewController.swift */,
			);
			path = MovieDetails;
			sourceTree = "<group>";
		};
		9C3A026327FE036000BDFD10 /* MovieList */ = {
			isa = PBXGroup;
			children = (
				9C335BB4280709F4003B1E42 /* MovieListSearching */,
				9C335BB3280709CC003B1E42 /* MovieListAll */,
				9C3A025E27FD950100BDFD10 /* MovieListViewController.swift */,
				9C3A026027FD963300BDFD10 /* SearchBarView.swift */,
			);
			path = MovieList;
			sourceTree = "<group>";
		};
		9C774E0327E6850700F13677 = {
			isa = PBXGroup;
			children = (
				9C840F6027EFC0AA007452F3 /* test */,
				9C774E0E27E6850700F13677 /* MovieApp */,
				9C774E0D27E6850700F13677 /* Products */,
			);
			sourceTree = "<group>";
		};
		9C774E0D27E6850700F13677 /* Products */ = {
			isa = PBXGroup;
			children = (
				9C774E0C27E6850700F13677 /* MovieApp.app */,
			);
			name = Products;
			sourceTree = "<group>";
		};
		9C774E0E27E6850700F13677 /* MovieApp */ = {
			isa = PBXGroup;
			children = (
				9C9C092C282FE61900C30843 /* Entities */,
				9C9C090F282D784A00C30843 /* MoviesRepository */,
				9C21CF932822B93A00DBA707 /* Favourites */,
				9C2EF879281D1B1400F9E379 /* NetworkService */,
				9C2EF872281C5D1F00F9E379 /* MovieTabBar */,
				9C3A026327FE036000BDFD10 /* MovieList */,
				9C3A026227FE033000BDFD10 /* MovieDetails */,
				9C774E0F27E6850700F13677 /* AppDelegate.swift */,
				9C2EF86E281C4BBC00F9E379 /* AppRouter.swift */,
				9C774E1827E6850800F13677 /* Assets.xcassets */,
				9C774E1A27E6850800F13677 /* LaunchScreen.storyboard */,
				9C774E1D27E6850800F13677 /* Info.plist */,
				9C2EF880281D33FB00F9E379 /* MovieCategories.swift */,
				9C9C0919282D8CD100C30843 /* iOSVjestina.xcdatamodeld */,
				9C9C0922282FD43B00C30843 /* CoreDataStack.swift */,
			);
			path = MovieApp;
			sourceTree = "<group>";
		};
		9C840F6027EFC0AA007452F3 /* test */ = {
			isa = PBXGroup;
			children = (
				9C840F6127EFC0D4007452F3 /* testController.swift */,
			);
			path = test;
			sourceTree = "<group>";
		};
		9C9C090F282D784A00C30843 /* MoviesRepository */ = {
			isa = PBXGroup;
			children = (
				9C9C0910282D786500C30843 /* MoviesRepository.swift */,
				9C9C0912282D787F00C30843 /* MoviesDatabaseDataSource.swift */,
				9C9C0914282D789200C30843 /* MoviesNetworkDataSource.swift */,
			);
			path = MoviesRepository;
			sourceTree = "<group>";
		};
		9C9C092C282FE61900C30843 /* Entities */ = {
			isa = PBXGroup;
			children = (
				9C9C0924282FE60400C30843 /* MovieGroup+CoreDataClass.swift */,
				9C9C0925282FE60400C30843 /* MovieGroup+CoreDataProperties.swift */,
				9C9C0926282FE60400C30843 /* MovieGenre+CoreDataClass.swift */,
				9C9C0927282FE60400C30843 /* MovieGenre+CoreDataProperties.swift */,
				9C9C091E282D971600C30843 /* Movie+CoreDataClass.swift */,
				9C9C091F282D971600C30843 /* Movie+CoreDataProperties.swift */,
			);
			path = Entities;
			sourceTree = "<group>";
		};
/* End PBXGroup section */

/* Begin PBXNativeTarget section */
		9C774E0B27E6850700F13677 /* MovieApp */ = {
			isa = PBXNativeTarget;
			buildConfigurationList = 9C774E2027E6850800F13677 /* Build configuration list for PBXNativeTarget "MovieApp" */;
			buildPhases = (
				9C774E0827E6850700F13677 /* Sources */,
				9C774E0927E6850700F13677 /* Frameworks */,
				9C774E0A27E6850700F13677 /* Resources */,
			);
			buildRules = (
			);
			dependencies = (
			);
			name = MovieApp;
			packageProductDependencies = (
				9C840F5C27EF9EE8007452F3 /* SnapKit */,
				9C335BAB280561F6003B1E42 /* MovieAppData */,
			);
			productName = MovieApp;
			productReference = 9C774E0C27E6850700F13677 /* MovieApp.app */;
			productType = "com.apple.product-type.application";
		};
/* End PBXNativeTarget section */

/* Begin PBXProject section */
		9C774E0427E6850700F13677 /* Project object */ = {
			isa = PBXProject;
			attributes = {
				BuildIndependentTargetsInParallel = 1;
				LastSwiftUpdateCheck = 1320;
				LastUpgradeCheck = 1320;
				TargetAttributes = {
					9C774E0B27E6850700F13677 = {
						CreatedOnToolsVersion = 13.2.1;
					};
				};
			};
			buildConfigurationList = 9C774E0727E6850700F13677 /* Build configuration list for PBXProject "MovieApp" */;
			compatibilityVersion = "Xcode 13.0";
			developmentRegion = en;
			hasScannedForEncodings = 0;
			knownRegions = (
				en,
				Base,
			);
			mainGroup = 9C774E0327E6850700F13677;
			packageReferences = (
				9C840F5B27EF9EE8007452F3 /* XCRemoteSwiftPackageReference "SnapKit" */,
				9C335BAA280561F6003B1E42 /* XCRemoteSwiftPackageReference "MovieAppData" */,
			);
			productRefGroup = 9C774E0D27E6850700F13677 /* Products */;
			projectDirPath = "";
			projectRoot = "";
			targets = (
				9C774E0B27E6850700F13677 /* MovieApp */,
			);
		};
/* End PBXProject section */

/* Begin PBXResourcesBuildPhase section */
		9C774E0A27E6850700F13677 /* Resources */ = {
			isa = PBXResourcesBuildPhase;
			buildActionMask = 2147483647;
			files = (
				9C774E1C27E6850800F13677 /* LaunchScreen.storyboard in Resources */,
				9C774E1927E6850800F13677 /* Assets.xcassets in Resources */,
			);
			runOnlyForDeploymentPostprocessing = 0;
		};
/* End PBXResourcesBuildPhase section */

/* Begin PBXSourcesBuildPhase section */
		9C774E0827E6850700F13677 /* Sources */ = {
			isa = PBXSourcesBuildPhase;
			buildActionMask = 2147483647;
			files = (
				9C840F5F27EFBD5A007452F3 /* PersonView.swift in Sources */,
				9C335BB22805C9E9003B1E42 /* ButtonCell.swift in Sources */,
				9C774E1027E6850700F13677 /* AppDelegate.swift in Sources */,
				9C2EF87F281D314C00F9E379 /* Codables.swift in Sources */,
				9C9C0911282D786500C30843 /* MoviesRepository.swift in Sources */,
				9C2EF874281C5D7400F9E379 /* MovieTabBarController.swift in Sources */,
				9C9C0923282FD43B00C30843 /* CoreDataStack.swift in Sources */,
				9C335BB02805B294003B1E42 /* MovieCell.swift in Sources */,
				9C2EF876281D17E100F9E379 /* NetworkService.swift in Sources */,
				9C3A026527FE043400BDFD10 /* MovieListAllViewController.swift in Sources */,
				9C335BB628070D1D003B1E42 /* MovieListSearchingCell.swift in Sources */,
				9C2EF878281D183700F9E379 /* RequestError.swift in Sources */,
				9C774E2827E6963A00F13677 /* MovieDetailsViewController.swift in Sources */,
				9C840F6827EFD3F5007452F3 /* MainInfoView.swift in Sources */,
				9C2EF86F281C4BBC00F9E379 /* AppRouter.swift in Sources */,
				9C3A026127FD963300BDFD10 /* SearchBarView.swift in Sources */,
				9C2EF881281D33FB00F9E379 /* MovieCategories.swift in Sources */,
				9C9C0920282D971600C30843 /* Movie+CoreDataClass.swift in Sources */,
				9C9C092A282FE60400C30843 /* MovieGenre+CoreDataClass.swift in Sources */,
				9C9C0929282FE60400C30843 /* MovieGroup+CoreDataProperties.swift in Sources */,
				9C9C0913282D787F00C30843 /* MoviesDatabaseDataSource.swift in Sources */,
				9C21CF952822B94C00DBA707 /* FavouritesController.swift in Sources */,
				9C3A025F27FD950100BDFD10 /* MovieListViewController.swift in Sources */,
				9C9C0921282D971600C30843 /* Movie+CoreDataProperties.swift in Sources */,
				9C21CF972822D57900DBA707 /* Groups.swift in Sources */,
				9C840F6627EFCE2A007452F3 /* OverviewView.swift in Sources */,
				9C3A026727FE08F800BDFD10 /* MovieListSearchingViewController.swift in Sources */,
				9C21CF9F282406AB00DBA707 /* DataLoader.swift in Sources */,
				9C2EF883281D45E800F9E379 /* Result.swift in Sources */,
				9C335BAE280568B5003B1E42 /* TopicCollectionViewCell.swift in Sources */,
				9CDAAF742825D3CD004FA51B /* LoadedImages.swift in Sources */,
				9C840F6227EFC0D4007452F3 /* testController.swift in Sources */,
				9C9C092B282FE60400C30843 /* MovieGenre+CoreDataProperties.swift in Sources */,
				9C9C091B282D8CD100C30843 /* iOSVjestina.xcdatamodeld in Sources */,
				9C9C0915282D789200C30843 /* MoviesNetworkDataSource.swift in Sources */,
				9C9C0928282FE60400C30843 /* MovieGroup+CoreDataClass.swift in Sources */,
				9C21CF9D282403E900DBA707 /* Constants.swift in Sources */,
			);
			runOnlyForDeploymentPostprocessing = 0;
		};
/* End PBXSourcesBuildPhase section */

/* Begin PBXVariantGroup section */
		9C774E1A27E6850800F13677 /* LaunchScreen.storyboard */ = {
			isa = PBXVariantGroup;
			children = (
				9C774E1B27E6850800F13677 /* Base */,
			);
			name = LaunchScreen.storyboard;
			sourceTree = "<group>";
		};
/* End PBXVariantGroup section */

/* Begin XCBuildConfiguration section */
		9C774E1E27E6850800F13677 /* Debug */ = {
			isa = XCBuildConfiguration;
			buildSettings = {
				ALWAYS_SEARCH_USER_PATHS = NO;
				CLANG_ANALYZER_NONNULL = YES;
				CLANG_ANALYZER_NUMBER_OBJECT_CONVERSION = YES_AGGRESSIVE;
				CLANG_CXX_LANGUAGE_STANDARD = "gnu++17";
				CLANG_CXX_LIBRARY = "libc++";
				CLANG_ENABLE_MODULES = YES;
				CLANG_ENABLE_OBJC_ARC = YES;
				CLANG_ENABLE_OBJC_WEAK = YES;
				CLANG_WARN_BLOCK_CAPTURE_AUTORELEASING = YES;
				CLANG_WARN_BOOL_CONVERSION = YES;
				CLANG_WARN_COMMA = YES;
				CLANG_WARN_CONSTANT_CONVERSION = YES;
				CLANG_WARN_DEPRECATED_OBJC_IMPLEMENTATIONS = YES;
				CLANG_WARN_DIRECT_OBJC_ISA_USAGE = YES_ERROR;
				CLANG_WARN_DOCUMENTATION_COMMENTS = YES;
				CLANG_WARN_EMPTY_BODY = YES;
				CLANG_WARN_ENUM_CONVERSION = YES;
				CLANG_WARN_INFINITE_RECURSION = YES;
				CLANG_WARN_INT_CONVERSION = YES;
				CLANG_WARN_NON_LITERAL_NULL_CONVERSION = YES;
				CLANG_WARN_OBJC_IMPLICIT_RETAIN_SELF = YES;
				CLANG_WARN_OBJC_LITERAL_CONVERSION = YES;
				CLANG_WARN_OBJC_ROOT_CLASS = YES_ERROR;
				CLANG_WARN_QUOTED_INCLUDE_IN_FRAMEWORK_HEADER = YES;
				CLANG_WARN_RANGE_LOOP_ANALYSIS = YES;
				CLANG_WARN_STRICT_PROTOTYPES = YES;
				CLANG_WARN_SUSPICIOUS_MOVE = YES;
				CLANG_WARN_UNGUARDED_AVAILABILITY = YES_AGGRESSIVE;
				CLANG_WARN_UNREACHABLE_CODE = YES;
				CLANG_WARN__DUPLICATE_METHOD_MATCH = YES;
				COPY_PHASE_STRIP = NO;
				DEBUG_INFORMATION_FORMAT = dwarf;
				ENABLE_STRICT_OBJC_MSGSEND = YES;
				ENABLE_TESTABILITY = YES;
				GCC_C_LANGUAGE_STANDARD = gnu11;
				GCC_DYNAMIC_NO_PIC = NO;
				GCC_NO_COMMON_BLOCKS = YES;
				GCC_OPTIMIZATION_LEVEL = 0;
				GCC_PREPROCESSOR_DEFINITIONS = (
					"DEBUG=1",
					"$(inherited)",
				);
				GCC_WARN_64_TO_32_BIT_CONVERSION = YES;
				GCC_WARN_ABOUT_RETURN_TYPE = YES_ERROR;
				GCC_WARN_UNDECLARED_SELECTOR = YES;
				GCC_WARN_UNINITIALIZED_AUTOS = YES_AGGRESSIVE;
				GCC_WARN_UNUSED_FUNCTION = YES;
				GCC_WARN_UNUSED_VARIABLE = YES;
				IPHONEOS_DEPLOYMENT_TARGET = 15.2;
				MTL_ENABLE_DEBUG_INFO = INCLUDE_SOURCE;
				MTL_FAST_MATH = YES;
				ONLY_ACTIVE_ARCH = YES;
				SDKROOT = iphoneos;
				SWIFT_ACTIVE_COMPILATION_CONDITIONS = DEBUG;
				SWIFT_OPTIMIZATION_LEVEL = "-Onone";
			};
			name = Debug;
		};
		9C774E1F27E6850800F13677 /* Release */ = {
			isa = XCBuildConfiguration;
			buildSettings = {
				ALWAYS_SEARCH_USER_PATHS = NO;
				CLANG_ANALYZER_NONNULL = YES;
				CLANG_ANALYZER_NUMBER_OBJECT_CONVERSION = YES_AGGRESSIVE;
				CLANG_CXX_LANGUAGE_STANDARD = "gnu++17";
				CLANG_CXX_LIBRARY = "libc++";
				CLANG_ENABLE_MODULES = YES;
				CLANG_ENABLE_OBJC_ARC = YES;
				CLANG_ENABLE_OBJC_WEAK = YES;
				CLANG_WARN_BLOCK_CAPTURE_AUTORELEASING = YES;
				CLANG_WARN_BOOL_CONVERSION = YES;
				CLANG_WARN_COMMA = YES;
				CLANG_WARN_CONSTANT_CONVERSION = YES;
				CLANG_WARN_DEPRECATED_OBJC_IMPLEMENTATIONS = YES;
				CLANG_WARN_DIRECT_OBJC_ISA_USAGE = YES_ERROR;
				CLANG_WARN_DOCUMENTATION_COMMENTS = YES;
				CLANG_WARN_EMPTY_BODY = YES;
				CLANG_WARN_ENUM_CONVERSION = YES;
				CLANG_WARN_INFINITE_RECURSION = YES;
				CLANG_WARN_INT_CONVERSION = YES;
				CLANG_WARN_NON_LITERAL_NULL_CONVERSION = YES;
				CLANG_WARN_OBJC_IMPLICIT_RETAIN_SELF = YES;
				CLANG_WARN_OBJC_LITERAL_CONVERSION = YES;
				CLANG_WARN_OBJC_ROOT_CLASS = YES_ERROR;
				CLANG_WARN_QUOTED_INCLUDE_IN_FRAMEWORK_HEADER = YES;
				CLANG_WARN_RANGE_LOOP_ANALYSIS = YES;
				CLANG_WARN_STRICT_PROTOTYPES = YES;
				CLANG_WARN_SUSPICIOUS_MOVE = YES;
				CLANG_WARN_UNGUARDED_AVAILABILITY = YES_AGGRESSIVE;
				CLANG_WARN_UNREACHABLE_CODE = YES;
				CLANG_WARN__DUPLICATE_METHOD_MATCH = YES;
				COPY_PHASE_STRIP = NO;
				DEBUG_INFORMATION_FORMAT = "dwarf-with-dsym";
				ENABLE_NS_ASSERTIONS = NO;
				ENABLE_STRICT_OBJC_MSGSEND = YES;
				GCC_C_LANGUAGE_STANDARD = gnu11;
				GCC_NO_COMMON_BLOCKS = YES;
				GCC_WARN_64_TO_32_BIT_CONVERSION = YES;
				GCC_WARN_ABOUT_RETURN_TYPE = YES_ERROR;
				GCC_WARN_UNDECLARED_SELECTOR = YES;
				GCC_WARN_UNINITIALIZED_AUTOS = YES_AGGRESSIVE;
				GCC_WARN_UNUSED_FUNCTION = YES;
				GCC_WARN_UNUSED_VARIABLE = YES;
				IPHONEOS_DEPLOYMENT_TARGET = 15.2;
				MTL_ENABLE_DEBUG_INFO = NO;
				MTL_FAST_MATH = YES;
				SDKROOT = iphoneos;
				SWIFT_COMPILATION_MODE = wholemodule;
				SWIFT_OPTIMIZATION_LEVEL = "-O";
				VALIDATE_PRODUCT = YES;
			};
			name = Release;
		};
		9C774E2127E6850800F13677 /* Debug */ = {
			isa = XCBuildConfiguration;
			buildSettings = {
				ASSETCATALOG_COMPILER_APPICON_NAME = AppIcon;
				ASSETCATALOG_COMPILER_GLOBAL_ACCENT_COLOR_NAME = AccentColor;
				CODE_SIGN_STYLE = Automatic;
				CURRENT_PROJECT_VERSION = 1;
				GENERATE_INFOPLIST_FILE = YES;
				INFOPLIST_FILE = MovieApp/Info.plist;
				INFOPLIST_KEY_UIApplicationSupportsIndirectInputEvents = YES;
				INFOPLIST_KEY_UILaunchStoryboardName = LaunchScreen;
				INFOPLIST_KEY_UISupportedInterfaceOrientations_iPad = "UIInterfaceOrientationPortrait UIInterfaceOrientationPortraitUpsideDown UIInterfaceOrientationLandscapeLeft UIInterfaceOrientationLandscapeRight";
				INFOPLIST_KEY_UISupportedInterfaceOrientations_iPhone = "UIInterfaceOrientationPortrait UIInterfaceOrientationLandscapeLeft UIInterfaceOrientationLandscapeRight";
				LD_RUNPATH_SEARCH_PATHS = (
					"$(inherited)",
					"@executable_path/Frameworks",
				);
				MARKETING_VERSION = 1.0;
				PRODUCT_BUNDLE_IDENTIFIER = hr.fer.markelic.marin.MovieApp;
				PRODUCT_NAME = "$(TARGET_NAME)";
				SWIFT_EMIT_LOC_STRINGS = YES;
				SWIFT_VERSION = 5.0;
				TARGETED_DEVICE_FAMILY = "1,2";
			};
			name = Debug;
		};
		9C774E2227E6850800F13677 /* Release */ = {
			isa = XCBuildConfiguration;
			buildSettings = {
				ASSETCATALOG_COMPILER_APPICON_NAME = AppIcon;
				ASSETCATALOG_COMPILER_GLOBAL_ACCENT_COLOR_NAME = AccentColor;
				CODE_SIGN_STYLE = Automatic;
				CURRENT_PROJECT_VERSION = 1;
				GENERATE_INFOPLIST_FILE = YES;
				INFOPLIST_FILE = MovieApp/Info.plist;
				INFOPLIST_KEY_UIApplicationSupportsIndirectInputEvents = YES;
				INFOPLIST_KEY_UILaunchStoryboardName = LaunchScreen;
				INFOPLIST_KEY_UISupportedInterfaceOrientations_iPad = "UIInterfaceOrientationPortrait UIInterfaceOrientationPortraitUpsideDown UIInterfaceOrientationLandscapeLeft UIInterfaceOrientationLandscapeRight";
				INFOPLIST_KEY_UISupportedInterfaceOrientations_iPhone = "UIInterfaceOrientationPortrait UIInterfaceOrientationLandscapeLeft UIInterfaceOrientationLandscapeRight";
				LD_RUNPATH_SEARCH_PATHS = (
					"$(inherited)",
					"@executable_path/Frameworks",
				);
				MARKETING_VERSION = 1.0;
				PRODUCT_BUNDLE_IDENTIFIER = hr.fer.markelic.marin.MovieApp;
				PRODUCT_NAME = "$(TARGET_NAME)";
				SWIFT_EMIT_LOC_STRINGS = YES;
				SWIFT_VERSION = 5.0;
				TARGETED_DEVICE_FAMILY = "1,2";
			};
			name = Release;
		};
/* End XCBuildConfiguration section */

/* Begin XCConfigurationList section */
		9C774E0727E6850700F13677 /* Build configuration list for PBXProject "MovieApp" */ = {
			isa = XCConfigurationList;
			buildConfigurations = (
				9C774E1E27E6850800F13677 /* Debug */,
				9C774E1F27E6850800F13677 /* Release */,
			);
			defaultConfigurationIsVisible = 0;
			defaultConfigurationName = Release;
		};
		9C774E2027E6850800F13677 /* Build configuration list for PBXNativeTarget "MovieApp" */ = {
			isa = XCConfigurationList;
			buildConfigurations = (
				9C774E2127E6850800F13677 /* Debug */,
				9C774E2227E6850800F13677 /* Release */,
			);
			defaultConfigurationIsVisible = 0;
			defaultConfigurationName = Release;
		};
/* End XCConfigurationList section */

/* Begin XCRemoteSwiftPackageReference section */
		9C335BAA280561F6003B1E42 /* XCRemoteSwiftPackageReference "MovieAppData" */ = {
			isa = XCRemoteSwiftPackageReference;
			repositoryURL = "https://github.com/fiveagency/MovieAppData.git";
			requirement = {
				kind = upToNextMajorVersion;
				minimumVersion = 1.0.0;
			};
		};
		9C840F5B27EF9EE8007452F3 /* XCRemoteSwiftPackageReference "SnapKit" */ = {
			isa = XCRemoteSwiftPackageReference;
			repositoryURL = "https://github.com/SnapKit/SnapKit.git";
			requirement = {
				kind = upToNextMajorVersion;
				minimumVersion = 5.0.0;
			};
		};
/* End XCRemoteSwiftPackageReference section */

/* Begin XCSwiftPackageProductDependency section */
		9C335BAB280561F6003B1E42 /* MovieAppData */ = {
			isa = XCSwiftPackageProductDependency;
			package = 9C335BAA280561F6003B1E42 /* XCRemoteSwiftPackageReference "MovieAppData" */;
			productName = MovieAppData;
		};
		9C840F5C27EF9EE8007452F3 /* SnapKit */ = {
			isa = XCSwiftPackageProductDependency;
			package = 9C840F5B27EF9EE8007452F3 /* XCRemoteSwiftPackageReference "SnapKit" */;
			productName = SnapKit;
		};
/* End XCSwiftPackageProductDependency section */

/* Begin XCVersionGroup section */
		9C9C0919282D8CD100C30843 /* iOSVjestina.xcdatamodeld */ = {
			isa = XCVersionGroup;
			children = (
				9C9C091A282D8CD100C30843 /* iOSVjestina.xcdatamodel */,
			);
			currentVersion = 9C9C091A282D8CD100C30843 /* iOSVjestina.xcdatamodel */;
			path = iOSVjestina.xcdatamodeld;
			sourceTree = "<group>";
			versionGroupType = wrapper.xcdatamodel;
		};
/* End XCVersionGroup section */
	};
	rootObject = 9C774E0427E6850700F13677 /* Project object */;
}
